<?xml version="1.0" encoding="utf-8"?>
<Project ToolsVersion="4.0" xmlns="http://schemas.microsoft.com/developer/msbuild/2003">
  <ItemGroup>
    <Filter Include="源文件">
      <UniqueIdentifier>{4FC737F1-C7A5-4376-A066-2A32D752A2FF}</UniqueIdentifier>
      <Extensions>cpp;c;cc;cxx;def;odl;idl;hpj;bat;asm;asmx</Extensions>
    </Filter>
    <Filter Include="头文件">
      <UniqueIdentifier>{93995380-89BD-4b04-88EB-625FBE52EBFB}</UniqueIdentifier>
      <Extensions>h;hh;hpp;hxx;hm;inl;inc;xsd</Extensions>
    </Filter>
    <Filter Include="资源文件">
      <UniqueIdentifier>{67DA6AB6-F800-4c08-8B7A-83BB121AAD01}</UniqueIdentifier>
      <Extensions>rc;ico;cur;bmp;dlg;rc2;rct;bin;rgs;gif;jpg;jpeg;jpe;resx;tiff;tif;png;wav;mfcribbon-ms</Extensions>
    </Filter>
  </ItemGroup>
  <ItemGroup>
    <ClCompile Include="SoundData.cpp">
      <Filter>源文件</Filter>
    </ClCompile>
  </ItemGroup>
  <ItemGroup>
    <ClInclude Include="resource.h">
      <Filter>头文件</Filter>
    </ClInclude>
  </ItemGroup>
  <ItemGroup>
    <ResourceCompile Include="SoundData.rc">
      <Filter>资源文件</Filter>
    </ResourceCompile>
  </ItemGroup>
  <ItemGroup>
    <Media Include="Music\BOX 16.mp3">
      <Filter>资源文件</Filter>
    </Media>
    <Media Include="Music\Re DISTRUST.mp3">
      <Filter>资源文件</Filter>
    </Media>
    <Media Include="Music\Re ニュー ワールド オーダー.mp3">
      <Filter>资源文件</Filter>
    </Media>
    <Media Include="Music\Re 開廷アンダーグラウンド.mp3">
      <Filter>资源文件</Filter>
    </Media>
    <Media Include="Music\V3Gallery Music.mp3">
      <Filter>资源文件</Filter>
    </Media>
    <Media Include="Music\エコロシア.mp3">
      <Filter>资源文件</Filter>
    </Media>
    <Media Include="Music\クリアシチャッタン.mp3">
      <Filter>资源文件</Filter>
    </Media>
    <Media Include="Music\モノミ先生の教育実習.mp3">
      <Filter>资源文件</Filter>
    </Media>
    <Media Include="Music\モラッチャッタン.mp3">
      <Filter>资源文件</Filter>
    </Media>
    <Media Include="Music\ヤラレチャッタン.mp3">
      <Filter>资源文件</Filter>
    </Media>
    <Media Include="Music\試練Prepare.mp3">
      <Filter>资源文件</Filter>
    </Media>
    <Media Include="Music\未来の前の日.mp3">
      <Filter>资源文件</Filter>
    </Media>
    <Media Include="Music\希望Searching.mp3">
      <Filter>资源文件</Filter>
    </Media>
    <Media Include="Music\新世界のアルターエゴ.mp3">
      <Filter>资源文件</Filter>
    </Media>
    <Media Include="SE\beat01.wav">
      <Filter>资源文件</Filter>
    </Media>
    <Media Include="SE\beat02.wav">
      <Filter>资源文件</Filter>
    </Media>
    <Media Include="SE\beat03.wav">
      <Filter>资源文件</Filter>
    </Media>
    <Media Include="SE\cancel.wav">
      <Filter>资源文件</Filter>
    </Media>
    <Media Include="SE\cursor.wav">
      <Filter>资源文件</Filter>
    </Media>
    <Media Include="SE\damage.wav">
      <Filter>资源文件</Filter>
    </Media>
    <Media Include="SE\dash.wav">
      <Filter>资源文件</Filter>
    </Media>
    <Media Include="SE\decide.wav">
      <Filter>资源文件</Filter>
    </Media>
    <Media Include="SE\item.wav">
      <Filter>资源文件</Filter>
    </Media>
    <Media Include="SE\prick.wav">
      <Filter>资源文件</Filter>
    </Media>
    <Media Include="SE\score.wav">
      <Filter>资源文件</Filter>
    </Media>
    <Media Include="SE\select.wav">
      <Filter>资源文件</Filter>
    </Media>
    <Media Include="SE\step.wav">
      <Filter>资源文件</Filter>
    </Media>
    <Media Include="SE\text.wav">
      <Filter>资源文件</Filter>
    </Media>
  </ItemGroup>
</Project>